// !$*UTF8*$!
{
	archiveVersion = 1;
	classes = {
	};
	objectVersion = 50;
	objects = {

/* Begin PBXBuildFile section */
		E60BDC01226702DC00A32DDC /* AppDelegate.swift in Sources */ = {isa = PBXBuildFile; fileRef = E60BDC00226702DC00A32DDC /* AppDelegate.swift */; };
		E60BDC03226702DC00A32DDC /* ViewController.swift in Sources */ = {isa = PBXBuildFile; fileRef = E60BDC02226702DC00A32DDC /* ViewController.swift */; };
		E60BDC06226702DC00A32DDC /* Main.storyboard in Resources */ = {isa = PBXBuildFile; fileRef = E60BDC04226702DC00A32DDC /* Main.storyboard */; };
		E60BDC08226702DD00A32DDC /* Assets.xcassets in Resources */ = {isa = PBXBuildFile; fileRef = E60BDC07226702DD00A32DDC /* Assets.xcassets */; };
		E60BDC0B226702DD00A32DDC /* LaunchScreen.storyboard in Resources */ = {isa = PBXBuildFile; fileRef = E60BDC09226702DD00A32DDC /* LaunchScreen.storyboard */; };
		E6730F1E2267075000799846 /* sakura in Resources */ = {isa = PBXBuildFile; fileRef = E6730F1D2267075000799846 /* sakura */; };
		E6730F212267077600799846 /* ichigo in Resources */ = {isa = PBXBuildFile; fileRef = E6730F202267077600799846 /* ichigo */; };
		E6730F232267078200799846 /* sakurapark in Resources */ = {isa = PBXBuildFile; fileRef = E6730F222267078200799846 /* sakurapark */; };
		E6730F252267078A00799846 /* skyberry in Resources */ = {isa = PBXBuildFile; fileRef = E6730F242267078A00799846 /* skyberry */; };
		E6730F272267FF0E00799846 /* ResultViewController.swift in Sources */ = {isa = PBXBuildFile; fileRef = E6730F262267FF0E00799846 /* ResultViewController.swift */; };
/* End PBXBuildFile section */

/* Begin PBXFileReference section */
		E60BDBFD226702DC00A32DDC /* SlideshowApp2.app */ = {isa = PBXFileReference; explicitFileType = wrapper.application; includeInIndex = 0; path = SlideshowApp2.app; sourceTree = BUILT_PRODUCTS_DIR; };
		E60BDC00226702DC00A32DDC /* AppDelegate.swift */ = {isa = PBXFileReference; lastKnownFileType = sourcecode.swift; path = AppDelegate.swift; sourceTree = "<group>"; };
		E60BDC02226702DC00A32DDC /* ViewController.swift */ = {isa = PBXFileReference; lastKnownFileType = sourcecode.swift; path = ViewController.swift; sourceTree = "<group>"; };
		E60BDC05226702DC00A32DDC /* Base */ = {isa = PBXFileReference; lastKnownFileType = file.storyboard; name = Base; path = Base.lproj/Main.storyboard; sourceTree = "<group>"; };
		E60BDC07226702DD00A32DDC /* Assets.xcassets */ = {isa = PBXFileReference; lastKnownFileType = folder.assetcatalog; path = Assets.xcassets; sourceTree = "<group>"; };
		E60BDC0A226702DD00A32DDC /* Base */ = {isa = PBXFileReference; lastKnownFileType = file.storyboard; name = Base; path = Base.lproj/LaunchScreen.storyboard; sourceTree = "<group>"; };
		E60BDC0C226702DD00A32DDC /* Info.plist */ = {isa = PBXFileReference; lastKnownFileType = text.plist.xml; path = Info.plist; sourceTree = "<group>"; };
		E6730F1D2267075000799846 /* sakura */ = {isa = PBXFileReference; lastKnownFileType = file; path = sakura; sourceTree = "<group>"; };
		E6730F202267077600799846 /* ichigo */ = {isa = PBXFileReference; lastKnownFileType = file; path = ichigo; sourceTree = "<group>"; };
		E6730F222267078200799846 /* sakurapark */ = {isa = PBXFileReference; lastKnownFileType = file; path = sakurapark; sourceTree = "<group>"; };
		E6730F242267078A00799846 /* skyberry */ = {isa = PBXFileReference; lastKnownFileType = file; path = skyberry; sourceTree = "<group>"; };
		E6730F262267FF0E00799846 /* ResultViewController.swift */ = {isa = PBXFileReference; lastKnownFileType = sourcecode.swift; path = ResultViewController.swift; sourceTree = "<group>"; };
/* End PBXFileReference section */

/* Begin PBXFrameworksBuildPhase section */
		E60BDBFA226702DC00A32DDC /* Frameworks */ = {
			isa = PBXFrameworksBuildPhase;
			buildActionMask = 2147483647;
			files = (
			);
			runOnlyForDeploymentPostprocessing = 0;
		};
/* End PBXFrameworksBuildPhase section */

/* Begin PBXGroup section */
		E60BDBF4226702DC00A32DDC = {
			isa = PBXGroup;
			children = (
				E60BDBFF226702DC00A32DDC /* SlideshowApp2 */,
				E60BDBFE226702DC00A32DDC /* Products */,
			);
			sourceTree = "<group>";
		};
		E60BDBFE226702DC00A32DDC /* Products */ = {
			isa = PBXGroup;
			children = (
				E60BDBFD226702DC00A32DDC /* SlideshowApp2.app */,
			);
			name = Products;
			sourceTree = "<group>";
		};
		E60BDBFF226702DC00A32DDC /* SlideshowApp2 */ = {
			isa = PBXGroup;
			children = (
				E60BDC00226702DC00A32DDC /* AppDelegate.swift */,
				E60BDC02226702DC00A32DDC /* ViewController.swift */,
				E60BDC04226702DC00A32DDC /* Main.storyboard */,
				E6730F1D2267075000799846 /* sakura */,
				E6730F202267077600799846 /* ichigo */,
				E6730F222267078200799846 /* sakurapark */,
				E6730F242267078A00799846 /* skyberry */,
				E60BDC07226702DD00A32DDC /* Assets.xcassets */,
				E60BDC09226702DD00A32DDC /* LaunchScreen.storyboard */,
				E60BDC0C226702DD00A32DDC /* Info.plist */,
				E6730F262267FF0E00799846 /* ResultViewController.swift */,
			);
			path = SlideshowApp2;
			sourceTree = "<group>";
		};
/* End PBXGroup section */

/* Begin PBXNativeTarget section */
		E60BDBFC226702DC00A32DDC /* SlideshowApp2 */ = {
			isa = PBXNativeTarget;
			buildConfigurationList = E60BDC0F226702DD00A32DDC /* Build configuration list for PBXNativeTarget "SlideshowApp2" */;
			buildPhases = (
				E60BDBF9226702DC00A32DDC /* Sources */,
				E60BDBFA226702DC00A32DDC /* Frameworks */,
				E60BDBFB226702DC00A32DDC /* Resources */,
			);
			buildRules = (
			);
			dependencies = (
			);
			name = SlideshowApp2;
			productName = SlideshowApp2;
			productReference = E60BDBFD226702DC00A32DDC /* SlideshowApp2.app */;
			productType = "com.apple.product-type.application";
		};
/* End PBXNativeTarget section */

/* Begin PBXProject section */
		E60BDBF5226702DC00A32DDC /* Project object */ = {
			isa = PBXProject;
			attributes = {
				LastSwiftUpdateCheck = 1010;
				LastUpgradeCheck = 1010;
				ORGANIZATIONNAME = reika.kikuchi;
				TargetAttributes = {
					E60BDBFC226702DC00A32DDC = {
						CreatedOnToolsVersion = 10.1;
					};
				};
			};
			buildConfigurationList = E60BDBF8226702DC00A32DDC /* Build configuration list for PBXProject "SlideshowApp2" */;
			compatibilityVersion = "Xcode 9.3";
			developmentRegion = en;
			hasScannedForEncodings = 0;
			knownRegions = (
				en,
				Base,
			);
			mainGroup = E60BDBF4226702DC00A32DDC;
			productRefGroup = E60BDBFE226702DC00A32DDC /* Products */;
			projectDirPath = "";
			projectRoot = "";
			targets = (
				E60BDBFC226702DC00A32DDC /* SlideshowApp2 */,
			);
		};
/* End PBXProject section */

/* Begin PBXResourcesBuildPhase section */
		E60BDBFB226702DC00A32DDC /* Resources */ = {
			isa = PBXResourcesBuildPhase;
			buildActionMask = 2147483647;
			files = (
				E6730F252267078A00799846 /* skyberry in Resources */,
				E6730F212267077600799846 /* ichigo in Resources */,
				E60BDC0B226702DD00A32DDC /* LaunchScreen.storyboard in Resources */,
				E6730F1E2267075000799846 /* sakura in Resources */,
				E6730F232267078200799846 /* sakurapark in Resources */,
				E60BDC08226702DD00A32DDC /* Assets.xcassets in Resources */,
				E60BDC06226702DC00A32DDC /* Main.storyboard in Resources */,
			);
			runOnlyForDeploymentPostprocessing = 0;
		};
/* End PBXResourcesBuildPhase section */

/* Begin PBXSourcesBuildPhase section */
		E60BDBF9226702DC00A32DDC /* Sources */ = {
			isa = PBXSourcesBuildPhase;
			buildActionMask = 2147483647;
			files = (
				E60BDC03226702DC00A32DDC /* ViewController.swift in Sources */,
				E60BDC01226702DC00A32DDC /* AppDelegate.swift in Sources */,
				E6730F272267FF0E00799846 /* ResultViewController.swift in Sources */,
			);
			runOnlyForDeploymentPostprocessing = 0;
		};
/* End PBXSourcesBuildPhase section */

/* Begin PBXVariantGroup section */
		E60BDC04226702DC00A32DDC /* Main.storyboard */ = {
			isa = PBXVariantGroup;
			children = (
				E60BDC05226702DC00A32DDC /* Base */,
			);
			name = Main.storyboard;
			sourceTree = "<group>";
		};
		E60BDC09226702DD00A32DDC /* LaunchScreen.storyboard */ = {
			isa = PBXVariantGroup;
			children = (
				E60BDC0A226702DD00A32DDC /* Base */,
			);
			name = LaunchScreen.storyboard;
			sourceTree = "<group>";
		};
/* End PBXVariantGroup section */

/* Begin XCBuildConfiguration section */
		E60BDC0D226702DD00A32DDC /* Debug */ = {
			isa = XCBuildConfiguration;
			buildSettings = {
				ALWAYS_SEARCH_USER_PATHS = NO;
				CLANG_ANALYZER_NONNULL = YES;
				CLANG_ANALYZER_NUMBER_OBJECT_CONVERSION = YES_AGGRESSIVE;
				CLANG_CXX_LANGUAGE_STANDARD = "gnu++14";
				CLANG_CXX_LIBRARY = "libc++";
				CLANG_ENABLE_MODULES = YES;
				CLANG_ENABLE_OBJC_ARC = YES;
				CLANG_ENABLE_OBJC_WEAK = YES;
				CLANG_WARN_BLOCK_CAPTURE_AUTORELEASING = YES;
				CLANG_WARN_BOOL_CONVERSION = YES;
				CLANG_WARN_COMMA = YES;
				CLANG_WARN_CONSTANT_CONVERSION = YES;
				CLANG_WARN_DEPRECATED_OBJC_IMPLEMENTATIONS = YES;
				CLANG_WARN_DIRECT_OBJC_ISA_USAGE = YES_ERROR;
				CLANG_WARN_DOCUMENTATION_COMMENTS = YES;
				CLANG_WARN_EMPTY_BODY = YES;
				CLANG_WARN_ENUM_CONVERSION = YES;
				CLANG_WARN_INFINITE_RECURSION = YES;
				CLANG_WARN_INT_CONVERSION = YES;
				CLANG_WARN_NON_LITERAL_NULL_CONVERSION = YES;
				CLANG_WARN_OBJC_IMPLICIT_RETAIN_SELF = YES;
				CLANG_WARN_OBJC_LITERAL_CONVERSION = YES;
				CLANG_WARN_OBJC_ROOT_CLASS = YES_ERROR;
				CLANG_WARN_RANGE_LOOP_ANALYSIS = YES;
				CLANG_WARN_STRICT_PROTOTYPES = YES;
				CLANG_WARN_SUSPICIOUS_MOVE = YES;
				CLANG_WARN_UNGUARDED_AVAILABILITY = YES_AGGRESSIVE;
				CLANG_WARN_UNREACHABLE_CODE = YES;
				CLANG_WARN__DUPLICATE_METHOD_MATCH = YES;
				CODE_SIGN_IDENTITY = "iPhone Developer";
				COPY_PHASE_STRIP = NO;
				DEBUG_INFORMATION_FORMAT = dwarf;
				ENABLE_STRICT_OBJC_MSGSEND = YES;
				ENABLE_TESTABILITY = YES;
				GCC_C_LANGUAGE_STANDARD = gnu11;
				GCC_DYNAMIC_NO_PIC = NO;
				GCC_NO_COMMON_BLOCKS = YES;
				GCC_OPTIMIZATION_LEVEL = 0;
				GCC_PREPROCESSOR_DEFINITIONS = (
					"DEBUG=1",
					"$(inherited)",
				);
				GCC_WARN_64_TO_32_BIT_CONVERSION = YES;
				GCC_WARN_ABOUT_RETURN_TYPE = YES_ERROR;
				GCC_WARN_UNDECLARED_SELECTOR = YES;
				GCC_WARN_UNINITIALIZED_AUTOS = YES_AGGRESSIVE;
				GCC_WARN_UNUSED_FUNCTION = YES;
				GCC_WARN_UNUSED_VARIABLE = YES;
				IPHONEOS_DEPLOYMENT_TARGET = 12.1;
				MTL_ENABLE_DEBUG_INFO = INCLUDE_SOURCE;
				MTL_FAST_MATH = YES;
				ONLY_ACTIVE_ARCH = YES;
				SDKROOT = iphoneos;
				SWIFT_ACTIVE_COMPILATION_CONDITIONS = DEBUG;
				SWIFT_OPTIMIZATION_LEVEL = "-Onone";
			};
			name = Debug;
		};
		E60BDC0E226702DD00A32DDC /* Release */ = {
			isa = XCBuildConfiguration;
			buildSettings = {
				ALWAYS_SEARCH_USER_PATHS = NO;
				CLANG_ANALYZER_NONNULL = YES;
				CLANG_ANALYZER_NUMBER_OBJECT_CONVERSION = YES_AGGRESSIVE;
				CLANG_CXX_LANGUAGE_STANDARD = "gnu++14";
				CLANG_CXX_LIBRARY = "libc++";
				CLANG_ENABLE_MODULES = YES;
				CLANG_ENABLE_OBJC_ARC = YES;
				CLANG_ENABLE_OBJC_WEAK = YES;
				CLANG_WARN_BLOCK_CAPTURE_AUTORELEASING = YES;
				CLANG_WARN_BOOL_CONVERSION = YES;
				CLANG_WARN_COMMA = YES;
				CLANG_WARN_CONSTANT_CONVERSION = YES;
				CLANG_WARN_DEPRECATED_OBJC_IMPLEMENTATIONS = YES;
				CLANG_WARN_DIRECT_OBJC_ISA_USAGE = YES_ERROR;
				CLANG_WARN_DOCUMENTATION_COMMENTS = YES;
				CLANG_WARN_EMPTY_BODY = YES;
				CLANG_WARN_ENUM_CONVERSION = YES;
				CLANG_WARN_INFINITE_RECURSION = YES;
				CLANG_WARN_INT_CONVERSION = YES;
				CLANG_WARN_NON_LITERAL_NULL_CONVERSION = YES;
				CLANG_WARN_OBJC_IMPLICIT_RETAIN_SELF = YES;
				CLANG_WARN_OBJC_LITERAL_CONVERSION = YES;
				CLANG_WARN_OBJC_ROOT_CLASS = YES_ERROR;
				CLANG_WARN_RANGE_LOOP_ANALYSIS = YES;
				CLANG_WARN_STRICT_PROTOTYPES = YES;
				CLANG_WARN_SUSPICIOUS_MOVE = YES;
				CLANG_WARN_UNGUARDED_AVAILABILITY = YES_AGGRESSIVE;
				CLANG_WARN_UNREACHABLE_CODE = YES;
				CLANG_WARN__DUPLICATE_METHOD_MATCH = YES;
				CODE_SIGN_IDENTITY = "iPhone Developer";
				COPY_PHASE_STRIP = NO;
				DEBUG_INFORMATION_FORMAT = "dwarf-with-dsym";
				ENABLE_NS_ASSERTIONS = NO;
				ENABLE_STRICT_OBJC_MSGSEND = YES;
				GCC_C_LANGUAGE_STANDARD = gnu11;
				GCC_NO_COMMON_BLOCKS = YES;
				GCC_WARN_64_TO_32_BIT_CONVERSION = YES;
				GCC_WARN_ABOUT_RETURN_TYPE = YES_ERROR;
				GCC_WARN_UNDECLARED_SELECTOR = YES;
				GCC_WARN_UNINITIALIZED_AUTOS = YES_AGGRESSIVE;
				GCC_WARN_UNUSED_FUNCTION = YES;
				GCC_WARN_UNUSED_VARIABLE = YES;
				IPHONEOS_DEPLOYMENT_TARGET = 12.1;
				MTL_ENABLE_DEBUG_INFO = NO;
				MTL_FAST_MATH = YES;
				SDKROOT = iphoneos;
				SWIFT_COMPILATION_MODE = wholemodule;
				SWIFT_OPTIMIZATION_LEVEL = "-O";
				VALIDATE_PRODUCT = YES;
			};
			name = Release;
		};
		E60BDC10226702DD00A32DDC /* Debug */ = {
			isa = XCBuildConfiguration;
			buildSettings = {
				ASSETCATALOG_COMPILER_APPICON_NAME = AppIcon;
				CODE_SIGN_IDENTITY = "iPhone Developer: SmartDeviceGr i-enter (A7QY4NQV5A)";
				CODE_SIGN_STYLE = Manual;
				DEVELOPMENT_TEAM = XLM7K96PXP;
				INFOPLIST_FILE = SlideshowApp2/Info.plist;
				LD_RUNPATH_SEARCH_PATHS = (
					"$(inherited)",
					"@executable_path/Frameworks",
				);
				PRODUCT_BUNDLE_IDENTIFIER = jp.techacademy.reika.kikuchi.SlideshowApp2;
				PRODUCT_NAME = "$(TARGET_NAME)";
				PROVISIONING_PROFILE_SPECIFIER = Team_DEV;
				SWIFT_VERSION = 4.2;
				TARGETED_DEVICE_FAMILY = "1,2";
			};
			name = Debug;
		};
		E60BDC11226702DD00A32DDC /* Release */ = {
			isa = XCBuildConfiguration;
			buildSettings = {
				ASSETCATALOG_COMPILER_APPICON_NAME = AppIcon;
				CODE_SIGN_IDENTITY = "iPhone Developer: SmartDeviceGr i-enter (A7QY4NQV5A)";
				CODE_SIGN_STYLE = Manual;
				DEVELOPMENT_TEAM = XLM7K96PXP;
				INFOPLIST_FILE = SlideshowApp2/Info.plist;
				LD_RUNPATH_SEARCH_PATHS = (
					"$(inherited)",
					"@executable_path/Frameworks",
				);
				PRODUCT_BUNDLE_IDENTIFIER = jp.techacademy.reika.kikuchi.SlideshowApp2;
				PRODUCT_NAME = "$(TARGET_NAME)";
				PROVISIONING_PROFILE_SPECIFIER = Team_DEV;
				SWIFT_VERSION = 4.2;
				TARGETED_DEVICE_FAMILY = "1,2";
			};
			name = Release;
		};
/* End XCBuildConfiguration section */

/* Begin XCConfigurationList section */
		E60BDBF8226702DC00A32DDC /* Build configuration list for PBXProject "SlideshowApp2" */ = {
			isa = XCConfigurationList;
			buildConfigurations = (
				E60BDC0D226702DD00A32DDC /* Debug */,
				E60BDC0E226702DD00A32DDC /* Release */,
			);
			defaultConfigurationIsVisible = 0;
			defaultConfigurationName = Release;
		};
		E60BDC0F226702DD00A32DDC /* Build configuration list for PBXNativeTarget "SlideshowApp2" */ = {
			isa = XCConfigurationList;
			buildConfigurations = (
				E60BDC10226702DD00A32DDC /* Debug */,
				E60BDC11226702DD00A32DDC /* Release */,
			);
			defaultConfigurationIsVisible = 0;
			defaultConfigurationName = Release;
		};
/* End XCConfigurationList section */
	};
	rootObject = E60BDBF5226702DC00A32DDC /* Project object */;
}
